
Microsoft Visual Studio Solution File, Format Version 12.00
# Visual Studio 15
VisualStudioVersion = 15.0.28307.106
MinimumVisualStudioVersion = 10.0.40219.1
Project("{FAE04EC0-301F-11D3-BF4B-00C04F79EFBC}") = "w10a_t1", "w10a_t1\w10a_t1.csproj", "{B1E2D4F2-BC25-4E04-8A93-C88D7F5D35EC}"
EndProject
Global
	GlobalSection(SolutionConfigurationPlatforms) = preSolution
		Debug|Any CPU = Debug|Any CPU
		Release|Any CPU = Release|Any CPU
	EndGlobalSection
	GlobalSection(ProjectConfigurationPlatforms) = postSolution
		{B1E2D4F2-BC25-4E04-8A93-C88D7F5D35EC}.Debug|Any CPU.ActiveCfg = Debug|Any CPU
		{B1E2D4F2-BC25-4E04-8A93-C88D7F5D35EC}.Debug|Any CPU.Build.0 = Debug|Any CPU
		{B1E2D4F2-BC25-4E04-8A93-C88D7F5D35EC}.Release|Any CPU.ActiveCfg = Release|Any CPU
		{B1E2D4F2-BC25-4E04-8A93-C88D7F5D35EC}.Release|Any CPU.Build.0 = Release|Any CPU
	EndGlobalSection
	GlobalSection(SolutionProperties) = preSolution
		HideSolutionNode = FALSE
	EndGlobalSection
	GlobalSection(ExtensibilityGlobals) = postSolution
		SolutionGuid = {93DBE9E1-3A6C-47C8-AB47-CD5B77F081DE}
	EndGlobalSection
EndGlobal
