
Microsoft Visual Studio Solution File, Format Version 12.00
# Visual Studio 15
VisualStudioVersion = 15.0.28307.106
MinimumVisualStudioVersion = 10.0.40219.1
Project("{FAE04EC0-301F-11D3-BF4B-00C04F79EFBC}") = "w09t2", "w09t2\w09t2.csproj", "{F7EA4216-A546-4EA2-A11A-D91ADED9C2B3}"
EndProject
Global
	GlobalSection(SolutionConfigurationPlatforms) = preSolution
		Debug|Any CPU = Debug|Any CPU
		Release|Any CPU = Release|Any CPU
	EndGlobalSection
	GlobalSection(ProjectConfigurationPlatforms) = postSolution
		{F7EA4216-A546-4EA2-A11A-D91ADED9C2B3}.Debug|Any CPU.ActiveCfg = Debug|Any CPU
		{F7EA4216-A546-4EA2-A11A-D91ADED9C2B3}.Debug|Any CPU.Build.0 = Debug|Any CPU
		{F7EA4216-A546-4EA2-A11A-D91ADED9C2B3}.Release|Any CPU.ActiveCfg = Release|Any CPU
		{F7EA4216-A546-4EA2-A11A-D91ADED9C2B3}.Release|Any CPU.Build.0 = Release|Any CPU
	EndGlobalSection
	GlobalSection(SolutionProperties) = preSolution
		HideSolutionNode = FALSE
	EndGlobalSection
	GlobalSection(ExtensibilityGlobals) = postSolution
		SolutionGuid = {D8852457-2C48-47E7-A201-F921485D992F}
	EndGlobalSection
EndGlobal
