
Microsoft Visual Studio Solution File, Format Version 12.00
# Visual Studio 15
VisualStudioVersion = 15.0.28307.106
MinimumVisualStudioVersion = 10.0.40219.1
Project("{FAE04EC0-301F-11D3-BF4B-00C04F79EFBC}") = "w09t5", "w09t5\w09t5.csproj", "{1B813478-4B10-4A8B-908F-0133620B4CB9}"
EndProject
Global
	GlobalSection(SolutionConfigurationPlatforms) = preSolution
		Debug|Any CPU = Debug|Any CPU
		Release|Any CPU = Release|Any CPU
	EndGlobalSection
	GlobalSection(ProjectConfigurationPlatforms) = postSolution
		{1B813478-4B10-4A8B-908F-0133620B4CB9}.Debug|Any CPU.ActiveCfg = Debug|Any CPU
		{1B813478-4B10-4A8B-908F-0133620B4CB9}.Debug|Any CPU.Build.0 = Debug|Any CPU
		{1B813478-4B10-4A8B-908F-0133620B4CB9}.Release|Any CPU.ActiveCfg = Release|Any CPU
		{1B813478-4B10-4A8B-908F-0133620B4CB9}.Release|Any CPU.Build.0 = Release|Any CPU
	EndGlobalSection
	GlobalSection(SolutionProperties) = preSolution
		HideSolutionNode = FALSE
	EndGlobalSection
	GlobalSection(ExtensibilityGlobals) = postSolution
		SolutionGuid = {BC934561-734D-4EF3-9B1F-4D611D06FC31}
	EndGlobalSection
EndGlobal
